
Microsoft Visual Studio Solution File, Format Version 12.00
# Visual Studio 15
VisualStudioVersion = 15.0.28307.539
MinimumVisualStudioVersion = 10.0.40219.1
Project("{FAE04EC0-301F-11D3-BF4B-00C04F79EFBC}") = "FootballLeague", "FootballLeague\FootballLeague.csproj", "{DBFDCC90-4E2E-4503-B725-B814D215127C}"
EndProject
Global
	GlobalSection(SolutionConfigurationPlatforms) = preSolution
		Debug|Any CPU = Debug|Any CPU
		Release|Any CPU = Release|Any CPU
	EndGlobalSection
	GlobalSection(ProjectConfigurationPlatforms) = postSolution
		{DBFDCC90-4E2E-4503-B725-B814D215127C}.Debug|Any CPU.ActiveCfg = Debug|Any CPU
		{DBFDCC90-4E2E-4503-B725-B814D215127C}.Debug|Any CPU.Build.0 = Debug|Any CPU
		{DBFDCC90-4E2E-4503-B725-B814D215127C}.Release|Any CPU.ActiveCfg = Release|Any CPU
		{DBFDCC90-4E2E-4503-B725-B814D215127C}.Release|Any CPU.Build.0 = Release|Any CPU
	EndGlobalSection
	GlobalSection(SolutionProperties) = preSolution
		HideSolutionNode = FALSE
	EndGlobalSection
	GlobalSection(ExtensibilityGlobals) = postSolution
		SolutionGuid = {8D5D544A-9070-45AF-A6C2-247DBF143A8C}
	EndGlobalSection
EndGlobal
